
Microsoft Visual Studio Solution File, Format Version 12.00
# Visual Studio 15
Project("{FAE04EC0-301F-11D3-BF4B-00C04F79EFBC}") = "GameLibrary.API", "GameLibrary.API.csproj", "{76E756C6-0DC2-4C67-8FAC-AD5F7A1DBA45}"
EndProject
Global
	GlobalSection(SolutionConfigurationPlatforms) = preSolution
		Debug|Any CPU = Debug|Any CPU
		Release|Any CPU = Release|Any CPU
	EndGlobalSection
	GlobalSection(ProjectConfigurationPlatforms) = postSolution
		{76E756C6-0DC2-4C67-8FAC-AD5F7A1DBA45}.Debug|Any CPU.ActiveCfg = Debug|Any CPU
		{76E756C6-0DC2-4C67-8FAC-AD5F7A1DBA45}.Debug|Any CPU.Build.0 = Debug|Any CPU
		{76E756C6-0DC2-4C67-8FAC-AD5F7A1DBA45}.Release|Any CPU.ActiveCfg = Release|Any CPU
		{76E756C6-0DC2-4C67-8FAC-AD5F7A1DBA45}.Release|Any CPU.Build.0 = Release|Any CPU
	EndGlobalSection
EndGlobal
